
Microsoft Visual Studio Solution File, Format Version 12.00
# Visual Studio 14
VisualStudioVersion = 14.0.24720.0
MinimumVisualStudioVersion = 10.0.40219.1
Project("{FAE04EC0-301F-11D3-BF4B-00C04F79EFBC}") = "UnitTestingDemo", "UnitTestingDemo\UnitTestingDemo.csproj", "{D8C8F759-AD4B-4798-92FC-809630C5909A}"
EndProject
Project("{FAE04EC0-301F-11D3-BF4B-00C04F79EFBC}") = "UnitTestingDemo.Tests", "UnitTestingDemo.Tests\UnitTestingDemo.Tests.csproj", "{372BACEC-7C03-490C-8E9F-5FF904ACC56D}"
EndProject
Global
	GlobalSection(SolutionConfigurationPlatforms) = preSolution
		Debug|Any CPU = Debug|Any CPU
		Release|Any CPU = Release|Any CPU
	EndGlobalSection
	GlobalSection(ProjectConfigurationPlatforms) = postSolution
		{D8C8F759-AD4B-4798-92FC-809630C5909A}.Debug|Any CPU.ActiveCfg = Debug|Any CPU
		{D8C8F759-AD4B-4798-92FC-809630C5909A}.Debug|Any CPU.Build.0 = Debug|Any CPU
		{D8C8F759-AD4B-4798-92FC-809630C5909A}.Release|Any CPU.ActiveCfg = Release|Any CPU
		{D8C8F759-AD4B-4798-92FC-809630C5909A}.Release|Any CPU.Build.0 = Release|Any CPU
		{372BACEC-7C03-490C-8E9F-5FF904ACC56D}.Debug|Any CPU.ActiveCfg = Debug|Any CPU
		{372BACEC-7C03-490C-8E9F-5FF904ACC56D}.Debug|Any CPU.Build.0 = Debug|Any CPU
		{372BACEC-7C03-490C-8E9F-5FF904ACC56D}.Release|Any CPU.ActiveCfg = Release|Any CPU
		{372BACEC-7C03-490C-8E9F-5FF904ACC56D}.Release|Any CPU.Build.0 = Release|Any CPU
	EndGlobalSection
	GlobalSection(SolutionProperties) = preSolution
		HideSolutionNode = FALSE
	EndGlobalSection
	GlobalSection(TeamFoundationVersionControl) = preSolution
		SccNumberOfProjects = 3
		SccEnterpriseProvider = {4CA58AB2-18FA-4F8D-95D4-32DDF27D184C}
		SccTeamFoundationServer = https://mackbytes.visualstudio.com/defaultcollection
		SccLocalPath0 = .
		SccProjectUniqueName1 = UnitTestingDemo.Tests\\UnitTestingDemo.Tests.csproj
		SccProjectName1 = UnitTestingDemo.Tests
		SccLocalPath1 = UnitTestingDemo.Tests
		SccProjectUniqueName2 = UnitTestingDemo\\UnitTestingDemo.csproj
		SccProjectName2 = UnitTestingDemo
		SccLocalPath2 = UnitTestingDemo
	EndGlobalSection
EndGlobal
